// !$*UTF8*$!
{
	archiveVersion = 1;
	classes = {
	};
	objectVersion = 46;
	objects = {

/* Begin PBXBuildFile section */
		CD05FC1A1F3CA3CA0000010B /* AppDelegate.swift in Sources */ = {isa = PBXBuildFile; fileRef = CD05FC191F3CA3CA0000010B /* AppDelegate.swift */; };
		CD05FC1C1F3CA3CA0000010B /* LoginViewController.swift in Sources */ = {isa = PBXBuildFile; fileRef = CD05FC1B1F3CA3CA0000010B /* LoginViewController.swift */; };
		CD05FC1F1F3CA3CA0000010B /* Main.storyboard in Resources */ = {isa = PBXBuildFile; fileRef = CD05FC1D1F3CA3CA0000010B /* Main.storyboard */; };
		CD05FC211F3CA3CA0000010B /* Assets.xcassets in Resources */ = {isa = PBXBuildFile; fileRef = CD05FC201F3CA3CA0000010B /* Assets.xcassets */; };
		CD05FC241F3CA3CA0000010B /* LaunchScreen.storyboard in Resources */ = {isa = PBXBuildFile; fileRef = CD05FC221F3CA3CA0000010B /* LaunchScreen.storyboard */; };
/* End PBXBuildFile section */

/* Begin PBXFileReference section */
		CD05FC161F3CA3CA0000010B /* SwiftProteins.app */ = {isa = PBXFileReference; explicitFileType = wrapper.application; includeInIndex = 0; path = SwiftProteins.app; sourceTree = BUILT_PRODUCTS_DIR; };
		CD05FC191F3CA3CA0000010B /* AppDelegate.swift */ = {isa = PBXFileReference; lastKnownFileType = sourcecode.swift; path = AppDelegate.swift; sourceTree = "<group>"; };
		CD05FC1B1F3CA3CA0000010B /* LoginViewController.swift */ = {isa = PBXFileReference; lastKnownFileType = sourcecode.swift; path = LoginViewController.swift; sourceTree = "<group>"; };
		CD05FC1E1F3CA3CA0000010B /* Base */ = {isa = PBXFileReference; lastKnownFileType = file.storyboard; name = Base; path = Base.lproj/Main.storyboard; sourceTree = "<group>"; };
		CD05FC201F3CA3CA0000010B /* Assets.xcassets */ = {isa = PBXFileReference; lastKnownFileType = folder.assetcatalog; path = Assets.xcassets; sourceTree = "<group>"; };
		CD05FC231F3CA3CA0000010B /* Base */ = {isa = PBXFileReference; lastKnownFileType = file.storyboard; name = Base; path = Base.lproj/LaunchScreen.storyboard; sourceTree = "<group>"; };
		CD05FC251F3CA3CA0000010B /* Info.plist */ = {isa = PBXFileReference; lastKnownFileType = text.plist.xml; path = Info.plist; sourceTree = "<group>"; };
/* End PBXFileReference section */

/* Begin PBXFrameworksBuildPhase section */
		CD05FC131F3CA3CA0000010B /* Frameworks */ = {
			isa = PBXFrameworksBuildPhase;
			buildActionMask = 2147483647;
			files = (
			);
			runOnlyForDeploymentPostprocessing = 0;
		};
/* End PBXFrameworksBuildPhase section */

/* Begin PBXGroup section */
		CD05FC0D1F3CA3CA0000010B = {
			isa = PBXGroup;
			children = (
				CD05FC181F3CA3CA0000010B /* SwiftProteins */,
				CD05FC171F3CA3CA0000010B /* Products */,
			);
			sourceTree = "<group>";
		};
		CD05FC171F3CA3CA0000010B /* Products */ = {
			isa = PBXGroup;
			children = (
				CD05FC161F3CA3CA0000010B /* SwiftProteins.app */,
			);
			name = Products;
			sourceTree = "<group>";
		};
		CD05FC181F3CA3CA0000010B /* SwiftProteins */ = {
			isa = PBXGroup;
			children = (
				CD05FC2B1F3CA3D40000010B /* utils */,
				CD05FC1B1F3CA3CA0000010B /* LoginViewController.swift */,
				CD05FC1D1F3CA3CA0000010B /* Main.storyboard */,
			);
			path = SwiftProteins;
			sourceTree = "<group>";
		};
		CD05FC2B1F3CA3D40000010B /* utils */ = {
			isa = PBXGroup;
			children = (
				CD05FC191F3CA3CA0000010B /* AppDelegate.swift */,
				CD05FC201F3CA3CA0000010B /* Assets.xcassets */,
				CD05FC221F3CA3CA0000010B /* LaunchScreen.storyboard */,
				CD05FC251F3CA3CA0000010B /* Info.plist */,
			);
			name = utils;
			sourceTree = "<group>";
		};
/* End PBXGroup section */

/* Begin PBXNativeTarget section */
		CD05FC151F3CA3CA0000010B /* SwiftProteins */ = {
			isa = PBXNativeTarget;
			buildConfigurationList = CD05FC281F3CA3CA0000010B /* Build configuration list for PBXNativeTarget "SwiftProteins" */;
			buildPhases = (
				CD05FC121F3CA3CA0000010B /* Sources */,
				CD05FC131F3CA3CA0000010B /* Frameworks */,
				CD05FC141F3CA3CA0000010B /* Resources */,
			);
			buildRules = (
			);
			dependencies = (
			);
			name = SwiftProteins;
			productName = SwiftProteins;
			productReference = CD05FC161F3CA3CA0000010B /* SwiftProteins.app */;
			productType = "com.apple.product-type.application";
		};
/* End PBXNativeTarget section */

/* Begin PBXProject section */
		CD05FC0E1F3CA3CA0000010B /* Project object */ = {
			isa = PBXProject;
			attributes = {
				LastSwiftUpdateCheck = 0830;
				LastUpgradeCheck = 0830;
				ORGANIZATIONNAME = "Igor Chemencedji";
				TargetAttributes = {
					CD05FC151F3CA3CA0000010B = {
						CreatedOnToolsVersion = 8.3.3;
						ProvisioningStyle = Automatic;
					};
				};
			};
			buildConfigurationList = CD05FC111F3CA3CA0000010B /* Build configuration list for PBXProject "SwiftProteins" */;
			compatibilityVersion = "Xcode 3.2";
			developmentRegion = English;
			hasScannedForEncodings = 0;
			knownRegions = (
				en,
				Base,
			);
			mainGroup = CD05FC0D1F3CA3CA0000010B;
			productRefGroup = CD05FC171F3CA3CA0000010B /* Products */;
			projectDirPath = "";
			projectRoot = "";
			targets = (
				CD05FC151F3CA3CA0000010B /* SwiftProteins */,
			);
		};
/* End PBXProject section */

/* Begin PBXResourcesBuildPhase section */
		CD05FC141F3CA3CA0000010B /* Resources */ = {
			isa = PBXResourcesBuildPhase;
			buildActionMask = 2147483647;
			files = (
				CD05FC241F3CA3CA0000010B /* LaunchScreen.storyboard in Resources */,
				CD05FC211F3CA3CA0000010B /* Assets.xcassets in Resources */,
				CD05FC1F1F3CA3CA0000010B /* Main.storyboard in Resources */,
			);
			runOnlyForDeploymentPostprocessing = 0;
		};
/* End PBXResourcesBuildPhase section */

/* Begin PBXSourcesBuildPhase section */
		CD05FC121F3CA3CA0000010B /* Sources */ = {
			isa = PBXSourcesBuildPhase;
			buildActionMask = 2147483647;
			files = (
				CD05FC1C1F3CA3CA0000010B /* LoginViewController.swift in Sources */,
				CD05FC1A1F3CA3CA0000010B /* AppDelegate.swift in Sources */,
			);
			runOnlyForDeploymentPostprocessing = 0;
		};
/* End PBXSourcesBuildPhase section */

/* Begin PBXVariantGroup section */
		CD05FC1D1F3CA3CA0000010B /* Main.storyboard */ = {
			isa = PBXVariantGroup;
			children = (
				CD05FC1E1F3CA3CA0000010B /* Base */,
			);
			name = Main.storyboard;
			sourceTree = "<group>";
		};
		CD05FC221F3CA3CA0000010B /* LaunchScreen.storyboard */ = {
			isa = PBXVariantGroup;
			children = (
				CD05FC231F3CA3CA0000010B /* Base */,
			);
			name = LaunchScreen.storyboard;
			sourceTree = "<group>";
		};
/* End PBXVariantGroup section */

/* Begin XCBuildConfiguration section */
		CD05FC261F3CA3CA0000010B /* Debug */ = {
			isa = XCBuildConfiguration;
			buildSettings = {
				ALWAYS_SEARCH_USER_PATHS = NO;
				CLANG_ANALYZER_NONNULL = YES;
				CLANG_ANALYZER_NUMBER_OBJECT_CONVERSION = YES_AGGRESSIVE;
				CLANG_CXX_LANGUAGE_STANDARD = "gnu++0x";
				CLANG_CXX_LIBRARY = "libc++";
				CLANG_ENABLE_MODULES = YES;
				CLANG_ENABLE_OBJC_ARC = YES;
				CLANG_WARN_BOOL_CONVERSION = YES;
				CLANG_WARN_CONSTANT_CONVERSION = YES;
				CLANG_WARN_DIRECT_OBJC_ISA_USAGE = YES_ERROR;
				CLANG_WARN_DOCUMENTATION_COMMENTS = YES;
				CLANG_WARN_EMPTY_BODY = YES;
				CLANG_WARN_ENUM_CONVERSION = YES;
				CLANG_WARN_INFINITE_RECURSION = YES;
				CLANG_WARN_INT_CONVERSION = YES;
				CLANG_WARN_OBJC_ROOT_CLASS = YES_ERROR;
				CLANG_WARN_SUSPICIOUS_MOVE = YES;
				CLANG_WARN_UNREACHABLE_CODE = YES;
				CLANG_WARN__DUPLICATE_METHOD_MATCH = YES;
				"CODE_SIGN_IDENTITY[sdk=iphoneos*]" = "iPhone Developer";
				COPY_PHASE_STRIP = NO;
				DEBUG_INFORMATION_FORMAT = dwarf;
				ENABLE_STRICT_OBJC_MSGSEND = YES;
				ENABLE_TESTABILITY = YES;
				GCC_C_LANGUAGE_STANDARD = gnu99;
				GCC_DYNAMIC_NO_PIC = NO;
				GCC_NO_COMMON_BLOCKS = YES;
				GCC_OPTIMIZATION_LEVEL = 0;
				GCC_PREPROCESSOR_DEFINITIONS = (
					"DEBUG=1",
					"$(inherited)",
				);
				GCC_WARN_64_TO_32_BIT_CONVERSION = YES;
				GCC_WARN_ABOUT_RETURN_TYPE = YES_ERROR;
				GCC_WARN_UNDECLARED_SELECTOR = YES;
				GCC_WARN_UNINITIALIZED_AUTOS = YES_AGGRESSIVE;
				GCC_WARN_UNUSED_FUNCTION = YES;
				GCC_WARN_UNUSED_VARIABLE = YES;
				IPHONEOS_DEPLOYMENT_TARGET = 10.3;
				MTL_ENABLE_DEBUG_INFO = YES;
				ONLY_ACTIVE_ARCH = YES;
				SDKROOT = iphoneos;
				SWIFT_ACTIVE_COMPILATION_CONDITIONS = DEBUG;
				SWIFT_OPTIMIZATION_LEVEL = "-Onone";
				TARGETED_DEVICE_FAMILY = "1,2";
			};
			name = Debug;
		};
		CD05FC271F3CA3CA0000010B /* Release */ = {
			isa = XCBuildConfiguration;
			buildSettings = {
				ALWAYS_SEARCH_USER_PATHS = NO;
				CLANG_ANALYZER_NONNULL = YES;
				CLANG_ANALYZER_NUMBER_OBJECT_CONVERSION = YES_AGGRESSIVE;
				CLANG_CXX_LANGUAGE_STANDARD = "gnu++0x";
				CLANG_CXX_LIBRARY = "libc++";
				CLANG_ENABLE_MODULES = YES;
				CLANG_ENABLE_OBJC_ARC = YES;
				CLANG_WARN_BOOL_CONVERSION = YES;
				CLANG_WARN_CONSTANT_CONVERSION = YES;
				CLANG_WARN_DIRECT_OBJC_ISA_USAGE = YES_ERROR;
				CLANG_WARN_DOCUMENTATION_COMMENTS = YES;
				CLANG_WARN_EMPTY_BODY = YES;
				CLANG_WARN_ENUM_CONVERSION = YES;
				CLANG_WARN_INFINITE_RECURSION = YES;
				CLANG_WARN_INT_CONVERSION = YES;
				CLANG_WARN_OBJC_ROOT_CLASS = YES_ERROR;
				CLANG_WARN_SUSPICIOUS_MOVE = YES;
				CLANG_WARN_UNREACHABLE_CODE = YES;
				CLANG_WARN__DUPLICATE_METHOD_MATCH = YES;
				"CODE_SIGN_IDENTITY[sdk=iphoneos*]" = "iPhone Developer";
				COPY_PHASE_STRIP = NO;
				DEBUG_INFORMATION_FORMAT = "dwarf-with-dsym";
				ENABLE_NS_ASSERTIONS = NO;
				ENABLE_STRICT_OBJC_MSGSEND = YES;
				GCC_C_LANGUAGE_STANDARD = gnu99;
				GCC_NO_COMMON_BLOCKS = YES;
				GCC_WARN_64_TO_32_BIT_CONVERSION = YES;
				GCC_WARN_ABOUT_RETURN_TYPE = YES_ERROR;
				GCC_WARN_UNDECLARED_SELECTOR = YES;
				GCC_WARN_UNINITIALIZED_AUTOS = YES_AGGRESSIVE;
				GCC_WARN_UNUSED_FUNCTION = YES;
				GCC_WARN_UNUSED_VARIABLE = YES;
				IPHONEOS_DEPLOYMENT_TARGET = 10.3;
				MTL_ENABLE_DEBUG_INFO = NO;
				SDKROOT = iphoneos;
				SWIFT_OPTIMIZATION_LEVEL = "-Owholemodule";
				TARGETED_DEVICE_FAMILY = "1,2";
				VALIDATE_PRODUCT = YES;
			};
			name = Release;
		};
		CD05FC291F3CA3CA0000010B /* Debug */ = {
			isa = XCBuildConfiguration;
			buildSettings = {
				ASSETCATALOG_COMPILER_APPICON_NAME = AppIcon;
				INFOPLIST_FILE = SwiftProteins/Info.plist;
				LD_RUNPATH_SEARCH_PATHS = "$(inherited) @executable_path/Frameworks";
				PRODUCT_BUNDLE_IDENTIFIER = ichemenc.SwiftProteins;
				PRODUCT_NAME = "$(TARGET_NAME)";
				SWIFT_VERSION = 3.0;
			};
			name = Debug;
		};
		CD05FC2A1F3CA3CA0000010B /* Release */ = {
			isa = XCBuildConfiguration;
			buildSettings = {
				ASSETCATALOG_COMPILER_APPICON_NAME = AppIcon;
				INFOPLIST_FILE = SwiftProteins/Info.plist;
				LD_RUNPATH_SEARCH_PATHS = "$(inherited) @executable_path/Frameworks";
				PRODUCT_BUNDLE_IDENTIFIER = ichemenc.SwiftProteins;
				PRODUCT_NAME = "$(TARGET_NAME)";
				SWIFT_VERSION = 3.0;
			};
			name = Release;
		};
/* End XCBuildConfiguration section */

/* Begin XCConfigurationList section */
		CD05FC111F3CA3CA0000010B /* Build configuration list for PBXProject "SwiftProteins" */ = {
			isa = XCConfigurationList;
			buildConfigurations = (
				CD05FC261F3CA3CA0000010B /* Debug */,
				CD05FC271F3CA3CA0000010B /* Release */,
			);
			defaultConfigurationIsVisible = 0;
			defaultConfigurationName = Release;
		};
		CD05FC281F3CA3CA0000010B /* Build configuration list for PBXNativeTarget "SwiftProteins" */ = {
			isa = XCConfigurationList;
			buildConfigurations = (
				CD05FC291F3CA3CA0000010B /* Debug */,
				CD05FC2A1F3CA3CA0000010B /* Release */,
			);
			defaultConfigurationIsVisible = 0;
		};
/* End XCConfigurationList section */
	};
	rootObject = CD05FC0E1F3CA3CA0000010B /* Project object */;
}
